// !$*UTF8*$!
{
	archiveVersion = 1;
	classes = {
	};
	objectVersion = 55;
	objects = {

/* Begin PBXBuildFile section */
		18F641A327C46A7F000B2526 /* AppDelegate.swift in Sources */ = {isa = PBXBuildFile; fileRef = 18F641A227C46A7F000B2526 /* AppDelegate.swift */; };
		18F641A527C46A7F000B2526 /* SceneDelegate.swift in Sources */ = {isa = PBXBuildFile; fileRef = 18F641A427C46A7F000B2526 /* SceneDelegate.swift */; };
		18F641AA27C46A7F000B2526 /* Main.storyboard in Resources */ = {isa = PBXBuildFile; fileRef = 18F641A827C46A7F000B2526 /* Main.storyboard */; };
		18F641AC27C46A83000B2526 /* Assets.xcassets in Resources */ = {isa = PBXBuildFile; fileRef = 18F641AB27C46A83000B2526 /* Assets.xcassets */; };
		18F641AF27C46A84000B2526 /* LaunchScreen.storyboard in Resources */ = {isa = PBXBuildFile; fileRef = 18F641AD27C46A84000B2526 /* LaunchScreen.storyboard */; };
		18F641BF27C470D6000B2526 /* StartViewController.swift in Sources */ = {isa = PBXBuildFile; fileRef = 18F641BE27C470D6000B2526 /* StartViewController.swift */; };
		18F641C127C470EB000B2526 /* DeviceConfig.swift in Sources */ = {isa = PBXBuildFile; fileRef = 18F641C027C470EB000B2526 /* DeviceConfig.swift */; };
		18F641C327C470F2000B2526 /* LabelExtension.swift in Sources */ = {isa = PBXBuildFile; fileRef = 18F641C227C470F2000B2526 /* LabelExtension.swift */; };
		18F641C527C470F7000B2526 /* NavigationExtension.swift in Sources */ = {isa = PBXBuildFile; fileRef = 18F641C427C470F7000B2526 /* NavigationExtension.swift */; };
		18F641C727C4710D000B2526 /* Utilities.swift in Sources */ = {isa = PBXBuildFile; fileRef = 18F641C627C4710D000B2526 /* Utilities.swift */; };
		18F641CA27C47214000B2526 /* MainViewController.swift in Sources */ = {isa = PBXBuildFile; fileRef = 18F641C927C47214000B2526 /* MainViewController.swift */; };
		18F641CC27C4731F000B2526 /* Apply.storyboard in Resources */ = {isa = PBXBuildFile; fileRef = 18F641CB27C4731F000B2526 /* Apply.storyboard */; };
		18F641CE27C473A2000B2526 /* Check.storyboard in Resources */ = {isa = PBXBuildFile; fileRef = 18F641CD27C473A2000B2526 /* Check.storyboard */; };
		18F641D227C4744E000B2526 /* DummyData.swift in Sources */ = {isa = PBXBuildFile; fileRef = 18F641D127C4744E000B2526 /* DummyData.swift */; };
		18F641D527C4772E000B2526 /* Register.storyboard in Resources */ = {isa = PBXBuildFile; fileRef = 18F641D427C4772E000B2526 /* Register.storyboard */; };
		18F641D727C480AC000B2526 /* CheckViewController.swift in Sources */ = {isa = PBXBuildFile; fileRef = 18F641D627C480AC000B2526 /* CheckViewController.swift */; };
		26765C9A27C4785D00304788 /* SelectBookViewController.swift in Sources */ = {isa = PBXBuildFile; fileRef = 26765C9927C4785D00304788 /* SelectBookViewController.swift */; };
		4451796A89D78BC21104A479 /* libPods-BookBori.a in Frameworks */ = {isa = PBXBuildFile; fileRef = F5A1B715D748FB3AAF88EE63 /* libPods-BookBori.a */; };
/* End PBXBuildFile section */

/* Begin PBXFileReference section */
		18F6419F27C46A7F000B2526 /* BookBori.app */ = {isa = PBXFileReference; explicitFileType = wrapper.application; includeInIndex = 0; path = BookBori.app; sourceTree = BUILT_PRODUCTS_DIR; };
		18F641A227C46A7F000B2526 /* AppDelegate.swift */ = {isa = PBXFileReference; lastKnownFileType = sourcecode.swift; path = AppDelegate.swift; sourceTree = "<group>"; };
		18F641A427C46A7F000B2526 /* SceneDelegate.swift */ = {isa = PBXFileReference; lastKnownFileType = sourcecode.swift; path = SceneDelegate.swift; sourceTree = "<group>"; };
		18F641A927C46A7F000B2526 /* Base */ = {isa = PBXFileReference; lastKnownFileType = file.storyboard; name = Base; path = Base.lproj/Main.storyboard; sourceTree = "<group>"; };
		18F641AB27C46A83000B2526 /* Assets.xcassets */ = {isa = PBXFileReference; lastKnownFileType = folder.assetcatalog; path = Assets.xcassets; sourceTree = "<group>"; };
		18F641AE27C46A84000B2526 /* Base */ = {isa = PBXFileReference; lastKnownFileType = file.storyboard; name = Base; path = Base.lproj/LaunchScreen.storyboard; sourceTree = "<group>"; };
		18F641B027C46A84000B2526 /* Info.plist */ = {isa = PBXFileReference; lastKnownFileType = text.plist.xml; path = Info.plist; sourceTree = "<group>"; };
		18F641BE27C470D6000B2526 /* StartViewController.swift */ = {isa = PBXFileReference; fileEncoding = 4; lastKnownFileType = sourcecode.swift; path = StartViewController.swift; sourceTree = "<group>"; };
		18F641C027C470EB000B2526 /* DeviceConfig.swift */ = {isa = PBXFileReference; fileEncoding = 4; lastKnownFileType = sourcecode.swift; path = DeviceConfig.swift; sourceTree = "<group>"; };
		18F641C227C470F2000B2526 /* LabelExtension.swift */ = {isa = PBXFileReference; fileEncoding = 4; lastKnownFileType = sourcecode.swift; path = LabelExtension.swift; sourceTree = "<group>"; };
		18F641C427C470F7000B2526 /* NavigationExtension.swift */ = {isa = PBXFileReference; fileEncoding = 4; lastKnownFileType = sourcecode.swift; path = NavigationExtension.swift; sourceTree = "<group>"; };
		18F641C627C4710D000B2526 /* Utilities.swift */ = {isa = PBXFileReference; lastKnownFileType = sourcecode.swift; path = Utilities.swift; sourceTree = "<group>"; };
		18F641C927C47214000B2526 /* MainViewController.swift */ = {isa = PBXFileReference; lastKnownFileType = sourcecode.swift; path = MainViewController.swift; sourceTree = "<group>"; };
		18F641CB27C4731F000B2526 /* Apply.storyboard */ = {isa = PBXFileReference; lastKnownFileType = file.storyboard; path = Apply.storyboard; sourceTree = "<group>"; };
		18F641CD27C473A2000B2526 /* Check.storyboard */ = {isa = PBXFileReference; lastKnownFileType = file.storyboard; path = Check.storyboard; sourceTree = "<group>"; };
		18F641D127C4744E000B2526 /* DummyData.swift */ = {isa = PBXFileReference; lastKnownFileType = sourcecode.swift; path = DummyData.swift; sourceTree = "<group>"; };
		18F641D427C4772E000B2526 /* Register.storyboard */ = {isa = PBXFileReference; lastKnownFileType = file.storyboard; path = Register.storyboard; sourceTree = "<group>"; };
		18F641D627C480AC000B2526 /* CheckViewController.swift */ = {isa = PBXFileReference; lastKnownFileType = sourcecode.swift; path = CheckViewController.swift; sourceTree = "<group>"; };
		26765C9927C4785D00304788 /* SelectBookViewController.swift */ = {isa = PBXFileReference; lastKnownFileType = sourcecode.swift; name = SelectBookViewController.swift; path = BookBori/ViewController/SelectBookViewController.swift; sourceTree = SOURCE_ROOT; };
		E24A9F31EF6ED56DAC4252DB /* Pods-BookBori.release.xcconfig */ = {isa = PBXFileReference; includeInIndex = 1; lastKnownFileType = text.xcconfig; name = "Pods-BookBori.release.xcconfig"; path = "Target Support Files/Pods-BookBori/Pods-BookBori.release.xcconfig"; sourceTree = "<group>"; };
		E38DAF75BA2DE3A0338FCF3B /* Pods-BookBori.debug.xcconfig */ = {isa = PBXFileReference; includeInIndex = 1; lastKnownFileType = text.xcconfig; name = "Pods-BookBori.debug.xcconfig"; path = "Target Support Files/Pods-BookBori/Pods-BookBori.debug.xcconfig"; sourceTree = "<group>"; };
		F5A1B715D748FB3AAF88EE63 /* libPods-BookBori.a */ = {isa = PBXFileReference; explicitFileType = archive.ar; includeInIndex = 0; path = "libPods-BookBori.a"; sourceTree = BUILT_PRODUCTS_DIR; };
/* End PBXFileReference section */

/* Begin PBXFrameworksBuildPhase section */
		18F6419C27C46A7F000B2526 /* Frameworks */ = {
			isa = PBXFrameworksBuildPhase;
			buildActionMask = 2147483647;
			files = (
				4451796A89D78BC21104A479 /* libPods-BookBori.a in Frameworks */,
			);
			runOnlyForDeploymentPostprocessing = 0;
		};
/* End PBXFrameworksBuildPhase section */

/* Begin PBXGroup section */
		18F6419627C46A7F000B2526 = {
			isa = PBXGroup;
			children = (
				18F641A127C46A7F000B2526 /* BookBori */,
				18F641A027C46A7F000B2526 /* Products */,
				5F99A8400F77CD4A14E85842 /* Pods */,
				7718CC8CE8F6D65EFB10E1E9 /* Frameworks */,
			);
			sourceTree = "<group>";
		};
		18F641A027C46A7F000B2526 /* Products */ = {
			isa = PBXGroup;
			children = (
				18F6419F27C46A7F000B2526 /* BookBori.app */,
			);
			name = Products;
			sourceTree = "<group>";
		};
		18F641A127C46A7F000B2526 /* BookBori */ = {
			isa = PBXGroup;
			children = (
				18F641A227C46A7F000B2526 /* AppDelegate.swift */,
				18F641A427C46A7F000B2526 /* SceneDelegate.swift */,
				18F641B627C46E82000B2526 /* Resource */,
				18F641B727C46E98000B2526 /* Helpers */,
				18F641B827C46EA4000B2526 /* View */,
				18F641B927C46EAA000B2526 /* ViewController */,
				18F641BA27C46EB8000B2526 /* Model */,
				18F641B027C46A84000B2526 /* Info.plist */,
			);
			path = BookBori;
			sourceTree = "<group>";
		};
		18F641B627C46E82000B2526 /* Resource */ = {
			isa = PBXGroup;
			children = (
				18F641AB27C46A83000B2526 /* Assets.xcassets */,
			);
			path = Resource;
			sourceTree = "<group>";
		};
		18F641B727C46E98000B2526 /* Helpers */ = {
			isa = PBXGroup;
			children = (
				18F641C027C470EB000B2526 /* DeviceConfig.swift */,
				18F641C227C470F2000B2526 /* LabelExtension.swift */,
				18F641C427C470F7000B2526 /* NavigationExtension.swift */,
				18F641C627C4710D000B2526 /* Utilities.swift */,
			);
			path = Helpers;
			sourceTree = "<group>";
		};
		18F641B827C46EA4000B2526 /* View */ = {
			isa = PBXGroup;
			children = (
				18F641BB27C46EF0000B2526 /* CustomCell */,
				18F641BC27C46EFA000B2526 /* Storyboard */,
			);
			path = View;
			sourceTree = "<group>";
		};
		18F641B927C46EAA000B2526 /* ViewController */ = {
			isa = PBXGroup;
			children = (
				18F641BE27C470D6000B2526 /* StartViewController.swift */,
				18F641C927C47214000B2526 /* MainViewController.swift */,
				18F641CF27C47410000B2526 /* Apply */,
				18F641D027C47417000B2526 /* Check */,
			);
			path = ViewController;
			sourceTree = "<group>";
		};
		18F641BA27C46EB8000B2526 /* Model */ = {
			isa = PBXGroup;
			children = (
				18F641D127C4744E000B2526 /* DummyData.swift */,
			);
			path = Model;
			sourceTree = "<group>";
		};
		18F641BB27C46EF0000B2526 /* CustomCell */ = {
			isa = PBXGroup;
			children = (
			);
			path = CustomCell;
			sourceTree = "<group>";
		};
		18F641BC27C46EFA000B2526 /* Storyboard */ = {
			isa = PBXGroup;
			children = (
				18F641AD27C46A84000B2526 /* LaunchScreen.storyboard */,
				18F641A827C46A7F000B2526 /* Main.storyboard */,
				18F641CB27C4731F000B2526 /* Apply.storyboard */,
				18F641D427C4772E000B2526 /* Register.storyboard */,
				18F641CD27C473A2000B2526 /* Check.storyboard */,
			);
			path = Storyboard;
			sourceTree = "<group>";
		};
		18F641CF27C47410000B2526 /* Apply */ = {
			isa = PBXGroup;
			children = (
				26765C9927C4785D00304788 /* SelectBookViewController.swift */,
			);
			path = Apply;
			sourceTree = "<group>";
		};
		18F641D027C47417000B2526 /* Check */ = {
			isa = PBXGroup;
			children = (
				18F641D627C480AC000B2526 /* CheckViewController.swift */,
			);
			path = Check;
			sourceTree = "<group>";
		};
		5F99A8400F77CD4A14E85842 /* Pods */ = {
			isa = PBXGroup;
			children = (
				E38DAF75BA2DE3A0338FCF3B /* Pods-BookBori.debug.xcconfig */,
				E24A9F31EF6ED56DAC4252DB /* Pods-BookBori.release.xcconfig */,
			);
			path = Pods;
			sourceTree = "<group>";
		};
		7718CC8CE8F6D65EFB10E1E9 /* Frameworks */ = {
			isa = PBXGroup;
			children = (
				F5A1B715D748FB3AAF88EE63 /* libPods-BookBori.a */,
			);
			name = Frameworks;
			sourceTree = "<group>";
		};
/* End PBXGroup section */

/* Begin PBXNativeTarget section */
		18F6419E27C46A7F000B2526 /* BookBori */ = {
			isa = PBXNativeTarget;
			buildConfigurationList = 18F641B327C46A84000B2526 /* Build configuration list for PBXNativeTarget "BookBori" */;
			buildPhases = (
				E4EEA1AE25F3C6F482895D2B /* [CP] Check Pods Manifest.lock */,
				18F6419B27C46A7F000B2526 /* Sources */,
				18F6419C27C46A7F000B2526 /* Frameworks */,
				18F6419D27C46A7F000B2526 /* Resources */,
			);
			buildRules = (
			);
			dependencies = (
			);
			name = BookBori;
			productName = BookBori;
			productReference = 18F6419F27C46A7F000B2526 /* BookBori.app */;
			productType = "com.apple.product-type.application";
		};
/* End PBXNativeTarget section */

/* Begin PBXProject section */
		18F6419727C46A7F000B2526 /* Project object */ = {
			isa = PBXProject;
			attributes = {
				BuildIndependentTargetsInParallel = 1;
				LastSwiftUpdateCheck = 1320;
				LastUpgradeCheck = 1320;
				TargetAttributes = {
					18F6419E27C46A7F000B2526 = {
						CreatedOnToolsVersion = 13.2.1;
					};
				};
			};
			buildConfigurationList = 18F6419A27C46A7F000B2526 /* Build configuration list for PBXProject "BookBori" */;
			compatibilityVersion = "Xcode 13.0";
			developmentRegion = en;
			hasScannedForEncodings = 0;
			knownRegions = (
				en,
				Base,
			);
			mainGroup = 18F6419627C46A7F000B2526;
			productRefGroup = 18F641A027C46A7F000B2526 /* Products */;
			projectDirPath = "";
			projectRoot = "";
			targets = (
				18F6419E27C46A7F000B2526 /* BookBori */,
			);
		};
/* End PBXProject section */

/* Begin PBXResourcesBuildPhase section */
		18F6419D27C46A7F000B2526 /* Resources */ = {
			isa = PBXResourcesBuildPhase;
			buildActionMask = 2147483647;
			files = (
				18F641CE27C473A2000B2526 /* Check.storyboard in Resources */,
				18F641AF27C46A84000B2526 /* LaunchScreen.storyboard in Resources */,
				18F641CC27C4731F000B2526 /* Apply.storyboard in Resources */,
				18F641AC27C46A83000B2526 /* Assets.xcassets in Resources */,
				18F641AA27C46A7F000B2526 /* Main.storyboard in Resources */,
				18F641D527C4772E000B2526 /* Register.storyboard in Resources */,
			);
			runOnlyForDeploymentPostprocessing = 0;
		};
/* End PBXResourcesBuildPhase section */

/* Begin PBXShellScriptBuildPhase section */
		E4EEA1AE25F3C6F482895D2B /* [CP] Check Pods Manifest.lock */ = {
			isa = PBXShellScriptBuildPhase;
			buildActionMask = 2147483647;
			files = (
			);
			inputFileListPaths = (
			);
			inputPaths = (
				"${PODS_PODFILE_DIR_PATH}/Podfile.lock",
				"${PODS_ROOT}/Manifest.lock",
			);
			name = "[CP] Check Pods Manifest.lock";
			outputFileListPaths = (
			);
			outputPaths = (
				"$(DERIVED_FILE_DIR)/Pods-BookBori-checkManifestLockResult.txt",
			);
			runOnlyForDeploymentPostprocessing = 0;
			shellPath = /bin/sh;
			shellScript = "diff \"${PODS_PODFILE_DIR_PATH}/Podfile.lock\" \"${PODS_ROOT}/Manifest.lock\" > /dev/null\nif [ $? != 0 ] ; then\n    # print error to STDERR\n    echo \"error: The sandbox is not in sync with the Podfile.lock. Run 'pod install' or update your CocoaPods installation.\" >&2\n    exit 1\nfi\n# This output is used by Xcode 'outputs' to avoid re-running this script phase.\necho \"SUCCESS\" > \"${SCRIPT_OUTPUT_FILE_0}\"\n";
			showEnvVarsInLog = 0;
		};
/* End PBXShellScriptBuildPhase section */

/* Begin PBXSourcesBuildPhase section */
		18F6419B27C46A7F000B2526 /* Sources */ = {
			isa = PBXSourcesBuildPhase;
			buildActionMask = 2147483647;
			files = (
				18F641C327C470F2000B2526 /* LabelExtension.swift in Sources */,
				18F641C527C470F7000B2526 /* NavigationExtension.swift in Sources */,
				18F641C127C470EB000B2526 /* DeviceConfig.swift in Sources */,
				18F641D227C4744E000B2526 /* DummyData.swift in Sources */,
				18F641BF27C470D6000B2526 /* StartViewController.swift in Sources */,
				26765C9A27C4785D00304788 /* SelectBookViewController.swift in Sources */,
				18F641A327C46A7F000B2526 /* AppDelegate.swift in Sources */,
				18F641C727C4710D000B2526 /* Utilities.swift in Sources */,
				18F641A527C46A7F000B2526 /* SceneDelegate.swift in Sources */,
				18F641CA27C47214000B2526 /* MainViewController.swift in Sources */,
				18F641D727C480AC000B2526 /* CheckViewController.swift in Sources */,
			);
			runOnlyForDeploymentPostprocessing = 0;
		};
/* End PBXSourcesBuildPhase section */

/* Begin PBXVariantGroup section */
		18F641A827C46A7F000B2526 /* Main.storyboard */ = {
			isa = PBXVariantGroup;
			children = (
				18F641A927C46A7F000B2526 /* Base */,
			);
			name = Main.storyboard;
			sourceTree = "<group>";
		};
		18F641AD27C46A84000B2526 /* LaunchScreen.storyboard */ = {
			isa = PBXVariantGroup;
			children = (
				18F641AE27C46A84000B2526 /* Base */,
			);
			name = LaunchScreen.storyboard;
			sourceTree = "<group>";
		};
/* End PBXVariantGroup section */

/* Begin XCBuildConfiguration section */
		18F641B127C46A84000B2526 /* Debug */ = {
			isa = XCBuildConfiguration;
			buildSettings = {
				ALWAYS_SEARCH_USER_PATHS = NO;
				CLANG_ANALYZER_NONNULL = YES;
				CLANG_ANALYZER_NUMBER_OBJECT_CONVERSION = YES_AGGRESSIVE;
				CLANG_CXX_LANGUAGE_STANDARD = "gnu++17";
				CLANG_CXX_LIBRARY = "libc++";
				CLANG_ENABLE_MODULES = YES;
				CLANG_ENABLE_OBJC_ARC = YES;
				CLANG_ENABLE_OBJC_WEAK = YES;
				CLANG_WARN_BLOCK_CAPTURE_AUTORELEASING = YES;
				CLANG_WARN_BOOL_CONVERSION = YES;
				CLANG_WARN_COMMA = YES;
				CLANG_WARN_CONSTANT_CONVERSION = YES;
				CLANG_WARN_DEPRECATED_OBJC_IMPLEMENTATIONS = YES;
				CLANG_WARN_DIRECT_OBJC_ISA_USAGE = YES_ERROR;
				CLANG_WARN_DOCUMENTATION_COMMENTS = YES;
				CLANG_WARN_EMPTY_BODY = YES;
				CLANG_WARN_ENUM_CONVERSION = YES;
				CLANG_WARN_INFINITE_RECURSION = YES;
				CLANG_WARN_INT_CONVERSION = YES;
				CLANG_WARN_NON_LITERAL_NULL_CONVERSION = YES;
				CLANG_WARN_OBJC_IMPLICIT_RETAIN_SELF = YES;
				CLANG_WARN_OBJC_LITERAL_CONVERSION = YES;
				CLANG_WARN_OBJC_ROOT_CLASS = YES_ERROR;
				CLANG_WARN_QUOTED_INCLUDE_IN_FRAMEWORK_HEADER = YES;
				CLANG_WARN_RANGE_LOOP_ANALYSIS = YES;
				CLANG_WARN_STRICT_PROTOTYPES = YES;
				CLANG_WARN_SUSPICIOUS_MOVE = YES;
				CLANG_WARN_UNGUARDED_AVAILABILITY = YES_AGGRESSIVE;
				CLANG_WARN_UNREACHABLE_CODE = YES;
				CLANG_WARN__DUPLICATE_METHOD_MATCH = YES;
				COPY_PHASE_STRIP = NO;
				DEBUG_INFORMATION_FORMAT = dwarf;
				ENABLE_STRICT_OBJC_MSGSEND = YES;
				ENABLE_TESTABILITY = YES;
				GCC_C_LANGUAGE_STANDARD = gnu11;
				GCC_DYNAMIC_NO_PIC = NO;
				GCC_NO_COMMON_BLOCKS = YES;
				GCC_OPTIMIZATION_LEVEL = 0;
				GCC_PREPROCESSOR_DEFINITIONS = (
					"DEBUG=1",
					"$(inherited)",
				);
				GCC_WARN_64_TO_32_BIT_CONVERSION = YES;
				GCC_WARN_ABOUT_RETURN_TYPE = YES_ERROR;
				GCC_WARN_UNDECLARED_SELECTOR = YES;
				GCC_WARN_UNINITIALIZED_AUTOS = YES_AGGRESSIVE;
				GCC_WARN_UNUSED_FUNCTION = YES;
				GCC_WARN_UNUSED_VARIABLE = YES;
				IPHONEOS_DEPLOYMENT_TARGET = 15.2;
				MTL_ENABLE_DEBUG_INFO = INCLUDE_SOURCE;
				MTL_FAST_MATH = YES;
				ONLY_ACTIVE_ARCH = YES;
				SDKROOT = iphoneos;
				SWIFT_ACTIVE_COMPILATION_CONDITIONS = DEBUG;
				SWIFT_OPTIMIZATION_LEVEL = "-Onone";
			};
			name = Debug;
		};
		18F641B227C46A84000B2526 /* Release */ = {
			isa = XCBuildConfiguration;
			buildSettings = {
				ALWAYS_SEARCH_USER_PATHS = NO;
				CLANG_ANALYZER_NONNULL = YES;
				CLANG_ANALYZER_NUMBER_OBJECT_CONVERSION = YES_AGGRESSIVE;
				CLANG_CXX_LANGUAGE_STANDARD = "gnu++17";
				CLANG_CXX_LIBRARY = "libc++";
				CLANG_ENABLE_MODULES = YES;
				CLANG_ENABLE_OBJC_ARC = YES;
				CLANG_ENABLE_OBJC_WEAK = YES;
				CLANG_WARN_BLOCK_CAPTURE_AUTORELEASING = YES;
				CLANG_WARN_BOOL_CONVERSION = YES;
				CLANG_WARN_COMMA = YES;
				CLANG_WARN_CONSTANT_CONVERSION = YES;
				CLANG_WARN_DEPRECATED_OBJC_IMPLEMENTATIONS = YES;
				CLANG_WARN_DIRECT_OBJC_ISA_USAGE = YES_ERROR;
				CLANG_WARN_DOCUMENTATION_COMMENTS = YES;
				CLANG_WARN_EMPTY_BODY = YES;
				CLANG_WARN_ENUM_CONVERSION = YES;
				CLANG_WARN_INFINITE_RECURSION = YES;
				CLANG_WARN_INT_CONVERSION = YES;
				CLANG_WARN_NON_LITERAL_NULL_CONVERSION = YES;
				CLANG_WARN_OBJC_IMPLICIT_RETAIN_SELF = YES;
				CLANG_WARN_OBJC_LITERAL_CONVERSION = YES;
				CLANG_WARN_OBJC_ROOT_CLASS = YES_ERROR;
				CLANG_WARN_QUOTED_INCLUDE_IN_FRAMEWORK_HEADER = YES;
				CLANG_WARN_RANGE_LOOP_ANALYSIS = YES;
				CLANG_WARN_STRICT_PROTOTYPES = YES;
				CLANG_WARN_SUSPICIOUS_MOVE = YES;
				CLANG_WARN_UNGUARDED_AVAILABILITY = YES_AGGRESSIVE;
				CLANG_WARN_UNREACHABLE_CODE = YES;
				CLANG_WARN__DUPLICATE_METHOD_MATCH = YES;
				COPY_PHASE_STRIP = NO;
				DEBUG_INFORMATION_FORMAT = "dwarf-with-dsym";
				ENABLE_NS_ASSERTIONS = NO;
				ENABLE_STRICT_OBJC_MSGSEND = YES;
				GCC_C_LANGUAGE_STANDARD = gnu11;
				GCC_NO_COMMON_BLOCKS = YES;
				GCC_WARN_64_TO_32_BIT_CONVERSION = YES;
				GCC_WARN_ABOUT_RETURN_TYPE = YES_ERROR;
				GCC_WARN_UNDECLARED_SELECTOR = YES;
				GCC_WARN_UNINITIALIZED_AUTOS = YES_AGGRESSIVE;
				GCC_WARN_UNUSED_FUNCTION = YES;
				GCC_WARN_UNUSED_VARIABLE = YES;
				IPHONEOS_DEPLOYMENT_TARGET = 15.2;
				MTL_ENABLE_DEBUG_INFO = NO;
				MTL_FAST_MATH = YES;
				SDKROOT = iphoneos;
				SWIFT_COMPILATION_MODE = wholemodule;
				SWIFT_OPTIMIZATION_LEVEL = "-O";
				VALIDATE_PRODUCT = YES;
			};
			name = Release;
		};
		18F641B427C46A84000B2526 /* Debug */ = {
			isa = XCBuildConfiguration;
			baseConfigurationReference = E38DAF75BA2DE3A0338FCF3B /* Pods-BookBori.debug.xcconfig */;
			buildSettings = {
				ASSETCATALOG_COMPILER_APPICON_NAME = AppIcon;
				ASSETCATALOG_COMPILER_GLOBAL_ACCENT_COLOR_NAME = AccentColor;
				CODE_SIGN_STYLE = Automatic;
				CURRENT_PROJECT_VERSION = 1;
				DEVELOPMENT_TEAM = 6JLYLDSW4U;
				GENERATE_INFOPLIST_FILE = YES;
				INFOPLIST_FILE = BookBori/Info.plist;
				INFOPLIST_KEY_UIApplicationSupportsIndirectInputEvents = YES;
				INFOPLIST_KEY_UILaunchStoryboardName = LaunchScreen;
				INFOPLIST_KEY_UIMainStoryboardFile = Main;
				INFOPLIST_KEY_UISupportedInterfaceOrientations_iPad = "UIInterfaceOrientationPortrait UIInterfaceOrientationPortraitUpsideDown UIInterfaceOrientationLandscapeLeft UIInterfaceOrientationLandscapeRight";
				INFOPLIST_KEY_UISupportedInterfaceOrientations_iPhone = "UIInterfaceOrientationPortrait UIInterfaceOrientationLandscapeLeft UIInterfaceOrientationLandscapeRight";
				LD_RUNPATH_SEARCH_PATHS = (
					"$(inherited)",
					"@executable_path/Frameworks",
				);
				MARKETING_VERSION = 1.0;
				PRODUCT_BUNDLE_IDENTIFIER = com.dlrjsdn5012.BookBori;
				PRODUCT_NAME = "$(TARGET_NAME)";
				SWIFT_EMIT_LOC_STRINGS = YES;
				SWIFT_VERSION = 5.0;
				TARGETED_DEVICE_FAMILY = 1;
			};
			name = Debug;
		};
		18F641B527C46A84000B2526 /* Release */ = {
			isa = XCBuildConfiguration;
			baseConfigurationReference = E24A9F31EF6ED56DAC4252DB /* Pods-BookBori.release.xcconfig */;
			buildSettings = {
				ASSETCATALOG_COMPILER_APPICON_NAME = AppIcon;
				ASSETCATALOG_COMPILER_GLOBAL_ACCENT_COLOR_NAME = AccentColor;
				CODE_SIGN_STYLE = Automatic;
				CURRENT_PROJECT_VERSION = 1;
				DEVELOPMENT_TEAM = 6JLYLDSW4U;
				GENERATE_INFOPLIST_FILE = YES;
				INFOPLIST_FILE = BookBori/Info.plist;
				INFOPLIST_KEY_UIApplicationSupportsIndirectInputEvents = YES;
				INFOPLIST_KEY_UILaunchStoryboardName = LaunchScreen;
				INFOPLIST_KEY_UIMainStoryboardFile = Main;
				INFOPLIST_KEY_UISupportedInterfaceOrientations_iPad = "UIInterfaceOrientationPortrait UIInterfaceOrientationPortraitUpsideDown UIInterfaceOrientationLandscapeLeft UIInterfaceOrientationLandscapeRight";
				INFOPLIST_KEY_UISupportedInterfaceOrientations_iPhone = "UIInterfaceOrientationPortrait UIInterfaceOrientationLandscapeLeft UIInterfaceOrientationLandscapeRight";
				LD_RUNPATH_SEARCH_PATHS = (
					"$(inherited)",
					"@executable_path/Frameworks",
				);
				MARKETING_VERSION = 1.0;
				PRODUCT_BUNDLE_IDENTIFIER = com.dlrjsdn5012.BookBori;
				PRODUCT_NAME = "$(TARGET_NAME)";
				SWIFT_EMIT_LOC_STRINGS = YES;
				SWIFT_VERSION = 5.0;
				TARGETED_DEVICE_FAMILY = 1;
			};
			name = Release;
		};
/* End XCBuildConfiguration section */

/* Begin XCConfigurationList section */
		18F6419A27C46A7F000B2526 /* Build configuration list for PBXProject "BookBori" */ = {
			isa = XCConfigurationList;
			buildConfigurations = (
				18F641B127C46A84000B2526 /* Debug */,
				18F641B227C46A84000B2526 /* Release */,
			);
			defaultConfigurationIsVisible = 0;
			defaultConfigurationName = Release;
		};
		18F641B327C46A84000B2526 /* Build configuration list for PBXNativeTarget "BookBori" */ = {
			isa = XCConfigurationList;
			buildConfigurations = (
				18F641B427C46A84000B2526 /* Debug */,
				18F641B527C46A84000B2526 /* Release */,
			);
			defaultConfigurationIsVisible = 0;
			defaultConfigurationName = Release;
		};
/* End XCConfigurationList section */
	};
	rootObject = 18F6419727C46A7F000B2526 /* Project object */;
}
